
Microsoft Visual Studio Solution File, Format Version 12.00
# Visual Studio Version 16
VisualStudioVersion = 16.0.30330.147
MinimumVisualStudioVersion = 10.0.40219.1
Project("{FAE04EC0-301F-11D3-BF4B-00C04F79EFBC}") = "Vraic-ts", "Vraic-ts\Vraic-ts.csproj", "{2574F603-4B6C-4A30-BFDD-E3BC09EEDFDF}"
EndProject
Project("{9092AA53-FB77-4645-B42D-1CCCA6BD08BD}") = "VraicLib", "VraicLib\VraicLib.njsproj", "{720C324C-C8F9-45BB-962F-3CB5511ABCE1}"
EndProject
Project("{9A19103F-16F7-4668-BE54-9A1E7A4F7556}") = "WebComponentsApp", "WebComponentsApp\WebComponentsApp.csproj", "{04AC9E08-5A7D-4A48-A92C-BA62246FFD6F}"
EndProject
Global
	GlobalSection(SolutionConfigurationPlatforms) = preSolution
		Debug|Any CPU = Debug|Any CPU
		Release|Any CPU = Release|Any CPU
	EndGlobalSection
	GlobalSection(ProjectConfigurationPlatforms) = postSolution
		{2574F603-4B6C-4A30-BFDD-E3BC09EEDFDF}.Debug|Any CPU.ActiveCfg = Debug|Any CPU
		{2574F603-4B6C-4A30-BFDD-E3BC09EEDFDF}.Debug|Any CPU.Build.0 = Debug|Any CPU
		{2574F603-4B6C-4A30-BFDD-E3BC09EEDFDF}.Release|Any CPU.ActiveCfg = Release|Any CPU
		{2574F603-4B6C-4A30-BFDD-E3BC09EEDFDF}.Release|Any CPU.Build.0 = Release|Any CPU
		{720C324C-C8F9-45BB-962F-3CB5511ABCE1}.Debug|Any CPU.ActiveCfg = Debug|Any CPU
		{720C324C-C8F9-45BB-962F-3CB5511ABCE1}.Debug|Any CPU.Build.0 = Debug|Any CPU
		{720C324C-C8F9-45BB-962F-3CB5511ABCE1}.Release|Any CPU.ActiveCfg = Release|Any CPU
		{720C324C-C8F9-45BB-962F-3CB5511ABCE1}.Release|Any CPU.Build.0 = Release|Any CPU
		{04AC9E08-5A7D-4A48-A92C-BA62246FFD6F}.Debug|Any CPU.ActiveCfg = Debug|Any CPU
		{04AC9E08-5A7D-4A48-A92C-BA62246FFD6F}.Debug|Any CPU.Build.0 = Debug|Any CPU
		{04AC9E08-5A7D-4A48-A92C-BA62246FFD6F}.Release|Any CPU.ActiveCfg = Release|Any CPU
		{04AC9E08-5A7D-4A48-A92C-BA62246FFD6F}.Release|Any CPU.Build.0 = Release|Any CPU
	EndGlobalSection
	GlobalSection(SolutionProperties) = preSolution
		HideSolutionNode = FALSE
	EndGlobalSection
	GlobalSection(ExtensibilityGlobals) = postSolution
		SolutionGuid = {4A3B826C-7635-4EB9-8D8C-3E2D63EDB844}
	EndGlobalSection
EndGlobal
