{
  "requires": true,
  "lockfileVersion": 1,
  "dependencies": {
    "@types/node": {
      "version": "12.12.5",
      "resolved": "https://registry.npmjs.org/@types/node/-/node-12.12.5.tgz",
      "integrity": "sha512-KEjODidV4XYUlJBF3XdjSH5FWoMCtO0utnhtdLf1AgeuZLOrRbvmU/gaRCVg7ZaQDjVf3l84egiY0mRNe5xE4A=="
    },
    "@types/puppeteer": {
      "version": "1.20.2",
      "resolved": "https://registry.npmjs.org/@types/puppeteer/-/puppeteer-1.20.2.tgz",
      "integrity": "sha512-oSFCtftHSfVx8K9XPdNNYs79Zt4pYJs/0NP78ltuGCB25zS3UNGJSiypBfbhbvRC5Dcsh0k1R5Z0i8HHtqQUPQ==",
      "requires": {
        "@types/node": "*"
      }
    }
  }
}
